
Microsoft Visual Studio Solution File, Format Version 12.00
# Visual Studio 14
VisualStudioVersion = 14.0.25420.1
MinimumVisualStudioVersion = 10.0.40219.1
Project("{FAE04EC0-301F-11D3-BF4B-00C04F79EFBC}") = "Word number", "WindowsFormsApplication1\Word number.csproj", "{A3790108-00E3-4828-80F2-71F84AD841FE}"
EndProject
Global
	GlobalSection(SolutionConfigurationPlatforms) = preSolution
		Debug|Any CPU = Debug|Any CPU
		Release|Any CPU = Release|Any CPU
	EndGlobalSection
	GlobalSection(ProjectConfigurationPlatforms) = postSolution
		{A3790108-00E3-4828-80F2-71F84AD841FE}.Debug|Any CPU.ActiveCfg = Debug|Any CPU
		{A3790108-00E3-4828-80F2-71F84AD841FE}.Debug|Any CPU.Build.0 = Debug|Any CPU
		{A3790108-00E3-4828-80F2-71F84AD841FE}.Release|Any CPU.ActiveCfg = Release|Any CPU
		{A3790108-00E3-4828-80F2-71F84AD841FE}.Release|Any CPU.Build.0 = Release|Any CPU
	EndGlobalSection
	GlobalSection(SolutionProperties) = preSolution
		HideSolutionNode = FALSE
	EndGlobalSection
EndGlobal
